
Microsoft Visual Studio Solution File, Format Version 12.00
# Visual Studio 15
VisualStudioVersion = 15.0.28307.1169
MinimumVisualStudioVersion = 10.0.40219.1
Project("{FAE04EC0-301F-11D3-BF4B-00C04F79EFBC}") = "Test_Task", "Test_Task\Test_Task.csproj", "{2DE24386-ED53-44E4-987E-20E7D1387AA0}"
EndProject
Global
	GlobalSection(SolutionConfigurationPlatforms) = preSolution
		Debug|Any CPU = Debug|Any CPU
		Release|Any CPU = Release|Any CPU
	EndGlobalSection
	GlobalSection(ProjectConfigurationPlatforms) = postSolution
		{2DE24386-ED53-44E4-987E-20E7D1387AA0}.Debug|Any CPU.ActiveCfg = Debug|Any CPU
		{2DE24386-ED53-44E4-987E-20E7D1387AA0}.Debug|Any CPU.Build.0 = Debug|Any CPU
		{2DE24386-ED53-44E4-987E-20E7D1387AA0}.Release|Any CPU.ActiveCfg = Release|Any CPU
		{2DE24386-ED53-44E4-987E-20E7D1387AA0}.Release|Any CPU.Build.0 = Release|Any CPU
	EndGlobalSection
	GlobalSection(SolutionProperties) = preSolution
		HideSolutionNode = FALSE
	EndGlobalSection
	GlobalSection(ExtensibilityGlobals) = postSolution
		SolutionGuid = {E654C891-973B-49EE-A380-3A33EDC5F818}
	EndGlobalSection
EndGlobal
